// !$*UTF8*$!
{
	archiveVersion = 1;
	classes = {
	};
	objectVersion = 46;
	objects = {

/* Begin PBXBuildFile section */
		8481508E1B6C7B1C00657F4F /* main.m in Sources */ = {isa = PBXBuildFile; fileRef = 8481508D1B6C7B1C00657F4F /* main.m */; };
		848150911B6C7B1C00657F4F /* AppDelegate.m in Sources */ = {isa = PBXBuildFile; fileRef = 848150901B6C7B1C00657F4F /* AppDelegate.m */; };
		848150941B6C7B1C00657F4F /* ViewController.m in Sources */ = {isa = PBXBuildFile; fileRef = 848150931B6C7B1C00657F4F /* ViewController.m */; };
		848150971B6C7B1C00657F4F /* Main.storyboard in Resources */ = {isa = PBXBuildFile; fileRef = 848150951B6C7B1C00657F4F /* Main.storyboard */; };
		848150991B6C7B1C00657F4F /* Images.xcassets in Resources */ = {isa = PBXBuildFile; fileRef = 848150981B6C7B1C00657F4F /* Images.xcassets */; };
		8481509C1B6C7B1C00657F4F /* LaunchScreen.xib in Resources */ = {isa = PBXBuildFile; fileRef = 8481509A1B6C7B1C00657F4F /* LaunchScreen.xib */; };
		848150A81B6C7B1C00657F4F /* FlyingBirdTests.m in Sources */ = {isa = PBXBuildFile; fileRef = 848150A71B6C7B1C00657F4F /* FlyingBirdTests.m */; };
		848150BB1B6C7C7F00657F4F /* bird0.png in Resources */ = {isa = PBXBuildFile; fileRef = 848150B41B6C7C7F00657F4F /* bird0.png */; };
		848150BC1B6C7C7F00657F4F /* bird1.png in Resources */ = {isa = PBXBuildFile; fileRef = 848150B51B6C7C7F00657F4F /* bird1.png */; };
		848150BD1B6C7C7F00657F4F /* bird2.png in Resources */ = {isa = PBXBuildFile; fileRef = 848150B61B6C7C7F00657F4F /* bird2.png */; };
		848150BE1B6C7C7F00657F4F /* bird3.png in Resources */ = {isa = PBXBuildFile; fileRef = 848150B71B6C7C7F00657F4F /* bird3.png */; };
		848150BF1B6C7C7F00657F4F /* bird4.png in Resources */ = {isa = PBXBuildFile; fileRef = 848150B81B6C7C7F00657F4F /* bird4.png */; };
		848150C01B6C7C7F00657F4F /* bird5.png in Resources */ = {isa = PBXBuildFile; fileRef = 848150B91B6C7C7F00657F4F /* bird5.png */; };
		848150C11B6C7C7F00657F4F /* jungle.jpg in Resources */ = {isa = PBXBuildFile; fileRef = 848150BA1B6C7C7F00657F4F /* jungle.jpg */; };
		848150C51B6CA06D00657F4F /* ChaoMao.mp3 in Resources */ = {isa = PBXBuildFile; fileRef = 848150C41B6CA06D00657F4F /* ChaoMao.mp3 */; };
/* End PBXBuildFile section */

/* Begin PBXContainerItemProxy section */
		848150A21B6C7B1C00657F4F /* PBXContainerItemProxy */ = {
			isa = PBXContainerItemProxy;
			containerPortal = 848150801B6C7B1C00657F4F /* Project object */;
			proxyType = 1;
			remoteGlobalIDString = 848150871B6C7B1C00657F4F;
			remoteInfo = FlyingBird;
		};
/* End PBXContainerItemProxy section */

/* Begin PBXFileReference section */
		848150881B6C7B1C00657F4F /* FlyingBird.app */ = {isa = PBXFileReference; explicitFileType = wrapper.application; includeInIndex = 0; path = FlyingBird.app; sourceTree = BUILT_PRODUCTS_DIR; };
		8481508C1B6C7B1C00657F4F /* Info.plist */ = {isa = PBXFileReference; lastKnownFileType = text.plist.xml; path = Info.plist; sourceTree = "<group>"; };
		8481508D1B6C7B1C00657F4F /* main.m */ = {isa = PBXFileReference; lastKnownFileType = sourcecode.c.objc; path = main.m; sourceTree = "<group>"; };
		8481508F1B6C7B1C00657F4F /* AppDelegate.h */ = {isa = PBXFileReference; lastKnownFileType = sourcecode.c.h; path = AppDelegate.h; sourceTree = "<group>"; };
		848150901B6C7B1C00657F4F /* AppDelegate.m */ = {isa = PBXFileReference; lastKnownFileType = sourcecode.c.objc; path = AppDelegate.m; sourceTree = "<group>"; };
		848150921B6C7B1C00657F4F /* ViewController.h */ = {isa = PBXFileReference; lastKnownFileType = sourcecode.c.h; path = ViewController.h; sourceTree = "<group>"; };
		848150931B6C7B1C00657F4F /* ViewController.m */ = {isa = PBXFileReference; lastKnownFileType = sourcecode.c.objc; path = ViewController.m; sourceTree = "<group>"; };
		848150961B6C7B1C00657F4F /* Base */ = {isa = PBXFileReference; lastKnownFileType = file.storyboard; name = Base; path = Base.lproj/Main.storyboard; sourceTree = "<group>"; };
		848150981B6C7B1C00657F4F /* Images.xcassets */ = {isa = PBXFileReference; lastKnownFileType = folder.assetcatalog; path = Images.xcassets; sourceTree = "<group>"; };
		8481509B1B6C7B1C00657F4F /* Base */ = {isa = PBXFileReference; lastKnownFileType = file.xib; name = Base; path = Base.lproj/LaunchScreen.xib; sourceTree = "<group>"; };
		848150A11B6C7B1C00657F4F /* FlyingBirdTests.xctest */ = {isa = PBXFileReference; explicitFileType = wrapper.cfbundle; includeInIndex = 0; path = FlyingBirdTests.xctest; sourceTree = BUILT_PRODUCTS_DIR; };
		848150A61B6C7B1C00657F4F /* Info.plist */ = {isa = PBXFileReference; lastKnownFileType = text.plist.xml; path = Info.plist; sourceTree = "<group>"; };
		848150A71B6C7B1C00657F4F /* FlyingBirdTests.m */ = {isa = PBXFileReference; lastKnownFileType = sourcecode.c.objc; path = FlyingBirdTests.m; sourceTree = "<group>"; };
		848150B41B6C7C7F00657F4F /* bird0.png */ = {isa = PBXFileReference; lastKnownFileType = image.png; path = bird0.png; sourceTree = "<group>"; };
		848150B51B6C7C7F00657F4F /* bird1.png */ = {isa = PBXFileReference; lastKnownFileType = image.png; path = bird1.png; sourceTree = "<group>"; };
		848150B61B6C7C7F00657F4F /* bird2.png */ = {isa = PBXFileReference; lastKnownFileType = image.png; path = bird2.png; sourceTree = "<group>"; };
		848150B71B6C7C7F00657F4F /* bird3.png */ = {isa = PBXFileReference; lastKnownFileType = image.png; path = bird3.png; sourceTree = "<group>"; };
		848150B81B6C7C7F00657F4F /* bird4.png */ = {isa = PBXFileReference; lastKnownFileType = image.png; path = bird4.png; sourceTree = "<group>"; };
		848150B91B6C7C7F00657F4F /* bird5.png */ = {isa = PBXFileReference; lastKnownFileType = image.png; path = bird5.png; sourceTree = "<group>"; };
		848150BA1B6C7C7F00657F4F /* jungle.jpg */ = {isa = PBXFileReference; lastKnownFileType = image.jpeg; path = jungle.jpg; sourceTree = "<group>"; };
		848150C41B6CA06D00657F4F /* ChaoMao.mp3 */ = {isa = PBXFileReference; lastKnownFileType = audio.mp3; path = ChaoMao.mp3; sourceTree = "<group>"; };
/* End PBXFileReference section */

/* Begin PBXFrameworksBuildPhase section */
		848150851B6C7B1C00657F4F /* Frameworks */ = {
			isa = PBXFrameworksBuildPhase;
			buildActionMask = 2147483647;
			files = (
			);
			runOnlyForDeploymentPostprocessing = 0;
		};
		8481509E1B6C7B1C00657F4F /* Frameworks */ = {
			isa = PBXFrameworksBuildPhase;
			buildActionMask = 2147483647;
			files = (
			);
			runOnlyForDeploymentPostprocessing = 0;
		};
/* End PBXFrameworksBuildPhase section */

/* Begin PBXGroup section */
		8481507F1B6C7B1C00657F4F = {
			isa = PBXGroup;
			children = (
				8481508A1B6C7B1C00657F4F /* FlyingBird */,
				848150A41B6C7B1C00657F4F /* FlyingBirdTests */,
				848150891B6C7B1C00657F4F /* Products */,
			);
			sourceTree = "<group>";
		};
		848150891B6C7B1C00657F4F /* Products */ = {
			isa = PBXGroup;
			children = (
				848150881B6C7B1C00657F4F /* FlyingBird.app */,
				848150A11B6C7B1C00657F4F /* FlyingBirdTests.xctest */,
			);
			name = Products;
			sourceTree = "<group>";
		};
		8481508A1B6C7B1C00657F4F /* FlyingBird */ = {
			isa = PBXGroup;
			children = (
				848150C41B6CA06D00657F4F /* ChaoMao.mp3 */,
				8481508F1B6C7B1C00657F4F /* AppDelegate.h */,
				848150901B6C7B1C00657F4F /* AppDelegate.m */,
				848150921B6C7B1C00657F4F /* ViewController.h */,
				848150931B6C7B1C00657F4F /* ViewController.m */,
				848150951B6C7B1C00657F4F /* Main.storyboard */,
				848150981B6C7B1C00657F4F /* Images.xcassets */,
				8481509A1B6C7B1C00657F4F /* LaunchScreen.xib */,
				848150B11B6C7C4800657F4F /* images */,
				8481508B1B6C7B1C00657F4F /* Supporting Files */,
			);
			path = FlyingBird;
			sourceTree = "<group>";
		};
		8481508B1B6C7B1C00657F4F /* Supporting Files */ = {
			isa = PBXGroup;
			children = (
				8481508C1B6C7B1C00657F4F /* Info.plist */,
				8481508D1B6C7B1C00657F4F /* main.m */,
			);
			name = "Supporting Files";
			sourceTree = "<group>";
		};
		848150A41B6C7B1C00657F4F /* FlyingBirdTests */ = {
			isa = PBXGroup;
			children = (
				848150A71B6C7B1C00657F4F /* FlyingBirdTests.m */,
				848150A51B6C7B1C00657F4F /* Supporting Files */,
			);
			path = FlyingBirdTests;
			sourceTree = "<group>";
		};
		848150A51B6C7B1C00657F4F /* Supporting Files */ = {
			isa = PBXGroup;
			children = (
				848150A61B6C7B1C00657F4F /* Info.plist */,
			);
			name = "Supporting Files";
			sourceTree = "<group>";
		};
		848150B11B6C7C4800657F4F /* images */ = {
			isa = PBXGroup;
			children = (
				848150B41B6C7C7F00657F4F /* bird0.png */,
				848150B51B6C7C7F00657F4F /* bird1.png */,
				848150B61B6C7C7F00657F4F /* bird2.png */,
				848150B71B6C7C7F00657F4F /* bird3.png */,
				848150B81B6C7C7F00657F4F /* bird4.png */,
				848150B91B6C7C7F00657F4F /* bird5.png */,
				848150BA1B6C7C7F00657F4F /* jungle.jpg */,
			);
			name = images;
			sourceTree = "<group>";
		};
/* End PBXGroup section */

/* Begin PBXNativeTarget section */
		848150871B6C7B1C00657F4F /* FlyingBird */ = {
			isa = PBXNativeTarget;
			buildConfigurationList = 848150AB1B6C7B1C00657F4F /* Build configuration list for PBXNativeTarget "FlyingBird" */;
			buildPhases = (
				848150841B6C7B1C00657F4F /* Sources */,
				848150851B6C7B1C00657F4F /* Frameworks */,
				848150861B6C7B1C00657F4F /* Resources */,
			);
			buildRules = (
			);
			dependencies = (
			);
			name = FlyingBird;
			productName = FlyingBird;
			productReference = 848150881B6C7B1C00657F4F /* FlyingBird.app */;
			productType = "com.apple.product-type.application";
		};
		848150A01B6C7B1C00657F4F /* FlyingBirdTests */ = {
			isa = PBXNativeTarget;
			buildConfigurationList = 848150AE1B6C7B1C00657F4F /* Build configuration list for PBXNativeTarget "FlyingBirdTests" */;
			buildPhases = (
				8481509D1B6C7B1C00657F4F /* Sources */,
				8481509E1B6C7B1C00657F4F /* Frameworks */,
				8481509F1B6C7B1C00657F4F /* Resources */,
			);
			buildRules = (
			);
			dependencies = (
				848150A31B6C7B1C00657F4F /* PBXTargetDependency */,
			);
			name = FlyingBirdTests;
			productName = FlyingBirdTests;
			productReference = 848150A11B6C7B1C00657F4F /* FlyingBirdTests.xctest */;
			productType = "com.apple.product-type.bundle.unit-test";
		};
/* End PBXNativeTarget section */

/* Begin PBXProject section */
		848150801B6C7B1C00657F4F /* Project object */ = {
			isa = PBXProject;
			attributes = {
				LastUpgradeCheck = 0640;
				ORGANIZATIONNAME = admin;
				TargetAttributes = {
					848150871B6C7B1C00657F4F = {
						CreatedOnToolsVersion = 6.4;
					};
					848150A01B6C7B1C00657F4F = {
						CreatedOnToolsVersion = 6.4;
						TestTargetID = 848150871B6C7B1C00657F4F;
					};
				};
			};
			buildConfigurationList = 848150831B6C7B1C00657F4F /* Build configuration list for PBXProject "FlyingBird" */;
			compatibilityVersion = "Xcode 3.2";
			developmentRegion = English;
			hasScannedForEncodings = 0;
			knownRegions = (
				en,
				Base,
			);
			mainGroup = 8481507F1B6C7B1C00657F4F;
			productRefGroup = 848150891B6C7B1C00657F4F /* Products */;
			projectDirPath = "";
			projectRoot = "";
			targets = (
				848150871B6C7B1C00657F4F /* FlyingBird */,
				848150A01B6C7B1C00657F4F /* FlyingBirdTests */,
			);
		};
/* End PBXProject section */

/* Begin PBXResourcesBuildPhase section */
		848150861B6C7B1C00657F4F /* Resources */ = {
			isa = PBXResourcesBuildPhase;
			buildActionMask = 2147483647;
			files = (
				848150BC1B6C7C7F00657F4F /* bird1.png in Resources */,
				848150BF1B6C7C7F00657F4F /* bird4.png in Resources */,
				848150C01B6C7C7F00657F4F /* bird5.png in Resources */,
				848150971B6C7B1C00657F4F /* Main.storyboard in Resources */,
				848150C11B6C7C7F00657F4F /* jungle.jpg in Resources */,
				848150BB1B6C7C7F00657F4F /* bird0.png in Resources */,
				8481509C1B6C7B1C00657F4F /* LaunchScreen.xib in Resources */,
				848150C51B6CA06D00657F4F /* ChaoMao.mp3 in Resources */,
				848150991B6C7B1C00657F4F /* Images.xcassets in Resources */,
				848150BE1B6C7C7F00657F4F /* bird3.png in Resources */,
				848150BD1B6C7C7F00657F4F /* bird2.png in Resources */,
			);
			runOnlyForDeploymentPostprocessing = 0;
		};
		8481509F1B6C7B1C00657F4F /* Resources */ = {
			isa = PBXResourcesBuildPhase;
			buildActionMask = 2147483647;
			files = (
			);
			runOnlyForDeploymentPostprocessing = 0;
		};
/* End PBXResourcesBuildPhase section */

/* Begin PBXSourcesBuildPhase section */
		848150841B6C7B1C00657F4F /* Sources */ = {
			isa = PBXSourcesBuildPhase;
			buildActionMask = 2147483647;
			files = (
				848150941B6C7B1C00657F4F /* ViewController.m in Sources */,
				848150911B6C7B1C00657F4F /* AppDelegate.m in Sources */,
				8481508E1B6C7B1C00657F4F /* main.m in Sources */,
			);
			runOnlyForDeploymentPostprocessing = 0;
		};
		8481509D1B6C7B1C00657F4F /* Sources */ = {
			isa = PBXSourcesBuildPhase;
			buildActionMask = 2147483647;
			files = (
				848150A81B6C7B1C00657F4F /* FlyingBirdTests.m in Sources */,
			);
			runOnlyForDeploymentPostprocessing = 0;
		};
/* End PBXSourcesBuildPhase section */

/* Begin PBXTargetDependency section */
		848150A31B6C7B1C00657F4F /* PBXTargetDependency */ = {
			isa = PBXTargetDependency;
			target = 848150871B6C7B1C00657F4F /* FlyingBird */;
			targetProxy = 848150A21B6C7B1C00657F4F /* PBXContainerItemProxy */;
		};
/* End PBXTargetDependency section */

/* Begin PBXVariantGroup section */
		848150951B6C7B1C00657F4F /* Main.storyboard */ = {
			isa = PBXVariantGroup;
			children = (
				848150961B6C7B1C00657F4F /* Base */,
			);
			name = Main.storyboard;
			sourceTree = "<group>";
		};
		8481509A1B6C7B1C00657F4F /* LaunchScreen.xib */ = {
			isa = PBXVariantGroup;
			children = (
				8481509B1B6C7B1C00657F4F /* Base */,
			);
			name = LaunchScreen.xib;
			sourceTree = "<group>";
		};
/* End PBXVariantGroup section */

/* Begin XCBuildConfiguration section */
		848150A91B6C7B1C00657F4F /* Debug */ = {
			isa = XCBuildConfiguration;
			buildSettings = {
				ALWAYS_SEARCH_USER_PATHS = NO;
				CLANG_CXX_LANGUAGE_STANDARD = "gnu++0x";
				CLANG_CXX_LIBRARY = "libc++";
				CLANG_ENABLE_MODULES = YES;
				CLANG_ENABLE_OBJC_ARC = YES;
				CLANG_WARN_BOOL_CONVERSION = YES;
				CLANG_WARN_CONSTANT_CONVERSION = YES;
				CLANG_WARN_DIRECT_OBJC_ISA_USAGE = YES_ERROR;
				CLANG_WARN_EMPTY_BODY = YES;
				CLANG_WARN_ENUM_CONVERSION = YES;
				CLANG_WARN_INT_CONVERSION = YES;
				CLANG_WARN_OBJC_ROOT_CLASS = YES_ERROR;
				CLANG_WARN_UNREACHABLE_CODE = YES;
				CLANG_WARN__DUPLICATE_METHOD_MATCH = YES;
				"CODE_SIGN_IDENTITY[sdk=iphoneos*]" = "iPhone Developer";
				COPY_PHASE_STRIP = NO;
				DEBUG_INFORMATION_FORMAT = "dwarf-with-dsym";
				ENABLE_STRICT_OBJC_MSGSEND = YES;
				GCC_C_LANGUAGE_STANDARD = gnu99;
				GCC_DYNAMIC_NO_PIC = NO;
				GCC_NO_COMMON_BLOCKS = YES;
				GCC_OPTIMIZATION_LEVEL = 0;
				GCC_PREPROCESSOR_DEFINITIONS = (
					"DEBUG=1",
					"$(inherited)",
				);
				GCC_SYMBOLS_PRIVATE_EXTERN = NO;
				GCC_WARN_64_TO_32_BIT_CONVERSION = YES;
				GCC_WARN_ABOUT_RETURN_TYPE = YES_ERROR;
				GCC_WARN_UNDECLARED_SELECTOR = YES;
				GCC_WARN_UNINITIALIZED_AUTOS = YES_AGGRESSIVE;
				GCC_WARN_UNUSED_FUNCTION = YES;
				GCC_WARN_UNUSED_VARIABLE = YES;
				IPHONEOS_DEPLOYMENT_TARGET = 8.4;
				MTL_ENABLE_DEBUG_INFO = YES;
				ONLY_ACTIVE_ARCH = YES;
				SDKROOT = iphoneos;
			};
			name = Debug;
		};
		848150AA1B6C7B1C00657F4F /* Release */ = {
			isa = XCBuildConfiguration;
			buildSettings = {
				ALWAYS_SEARCH_USER_PATHS = NO;
				CLANG_CXX_LANGUAGE_STANDARD = "gnu++0x";
				CLANG_CXX_LIBRARY = "libc++";
				CLANG_ENABLE_MODULES = YES;
				CLANG_ENABLE_OBJC_ARC = YES;
				CLANG_WARN_BOOL_CONVERSION = YES;
				CLANG_WARN_CONSTANT_CONVERSION = YES;
				CLANG_WARN_DIRECT_OBJC_ISA_USAGE = YES_ERROR;
				CLANG_WARN_EMPTY_BODY = YES;
				CLANG_WARN_ENUM_CONVERSION = YES;
				CLANG_WARN_INT_CONVERSION = YES;
				CLANG_WARN_OBJC_ROOT_CLASS = YES_ERROR;
				CLANG_WARN_UNREACHABLE_CODE = YES;
				CLANG_WARN__DUPLICATE_METHOD_MATCH = YES;
				"CODE_SIGN_IDENTITY[sdk=iphoneos*]" = "iPhone Developer";
				COPY_PHASE_STRIP = NO;
				DEBUG_INFORMATION_FORMAT = "dwarf-with-dsym";
				ENABLE_NS_ASSERTIONS = NO;
				ENABLE_STRICT_OBJC_MSGSEND = YES;
				GCC_C_LANGUAGE_STANDARD = gnu99;
				GCC_NO_COMMON_BLOCKS = YES;
				GCC_WARN_64_TO_32_BIT_CONVERSION = YES;
				GCC_WARN_ABOUT_RETURN_TYPE = YES_ERROR;
				GCC_WARN_UNDECLARED_SELECTOR = YES;
				GCC_WARN_UNINITIALIZED_AUTOS = YES_AGGRESSIVE;
				GCC_WARN_UNUSED_FUNCTION = YES;
				GCC_WARN_UNUSED_VARIABLE = YES;
				IPHONEOS_DEPLOYMENT_TARGET = 8.4;
				MTL_ENABLE_DEBUG_INFO = NO;
				SDKROOT = iphoneos;
				VALIDATE_PRODUCT = YES;
			};
			name = Release;
		};
		848150AC1B6C7B1C00657F4F /* Debug */ = {
			isa = XCBuildConfiguration;
			buildSettings = {
				ASSETCATALOG_COMPILER_APPICON_NAME = AppIcon;
				INFOPLIST_FILE = FlyingBird/Info.plist;
				LD_RUNPATH_SEARCH_PATHS = "$(inherited) @executable_path/Frameworks";
				PRODUCT_NAME = "$(TARGET_NAME)";
			};
			name = Debug;
		};
		848150AD1B6C7B1C00657F4F /* Release */ = {
			isa = XCBuildConfiguration;
			buildSettings = {
				ASSETCATALOG_COMPILER_APPICON_NAME = AppIcon;
				INFOPLIST_FILE = FlyingBird/Info.plist;
				LD_RUNPATH_SEARCH_PATHS = "$(inherited) @executable_path/Frameworks";
				PRODUCT_NAME = "$(TARGET_NAME)";
			};
			name = Release;
		};
		848150AF1B6C7B1C00657F4F /* Debug */ = {
			isa = XCBuildConfiguration;
			buildSettings = {
				BUNDLE_LOADER = "$(TEST_HOST)";
				FRAMEWORK_SEARCH_PATHS = (
					"$(SDKROOT)/Developer/Library/Frameworks",
					"$(inherited)",
				);
				GCC_PREPROCESSOR_DEFINITIONS = (
					"DEBUG=1",
					"$(inherited)",
				);
				INFOPLIST_FILE = FlyingBirdTests/Info.plist;
				LD_RUNPATH_SEARCH_PATHS = "$(inherited) @executable_path/Frameworks @loader_path/Frameworks";
				PRODUCT_NAME = "$(TARGET_NAME)";
				TEST_HOST = "$(BUILT_PRODUCTS_DIR)/FlyingBird.app/FlyingBird";
			};
			name = Debug;
		};
		848150B01B6C7B1C00657F4F /* Release */ = {
			isa = XCBuildConfiguration;
			buildSettings = {
				BUNDLE_LOADER = "$(TEST_HOST)";
				FRAMEWORK_SEARCH_PATHS = (
					"$(SDKROOT)/Developer/Library/Frameworks",
					"$(inherited)",
				);
				INFOPLIST_FILE = FlyingBirdTests/Info.plist;
				LD_RUNPATH_SEARCH_PATHS = "$(inherited) @executable_path/Frameworks @loader_path/Frameworks";
				PRODUCT_NAME = "$(TARGET_NAME)";
				TEST_HOST = "$(BUILT_PRODUCTS_DIR)/FlyingBird.app/FlyingBird";
			};
			name = Release;
		};
/* End XCBuildConfiguration section */

/* Begin XCConfigurationList section */
		848150831B6C7B1C00657F4F /* Build configuration list for PBXProject "FlyingBird" */ = {
			isa = XCConfigurationList;
			buildConfigurations = (
				848150A91B6C7B1C00657F4F /* Debug */,
				848150AA1B6C7B1C00657F4F /* Release */,
			);
			defaultConfigurationIsVisible = 0;
			defaultConfigurationName = Release;
		};
		848150AB1B6C7B1C00657F4F /* Build configuration list for PBXNativeTarget "FlyingBird" */ = {
			isa = XCConfigurationList;
			buildConfigurations = (
				848150AC1B6C7B1C00657F4F /* Debug */,
				848150AD1B6C7B1C00657F4F /* Release */,
			);
			defaultConfigurationIsVisible = 0;
		};
		848150AE1B6C7B1C00657F4F /* Build configuration list for PBXNativeTarget "FlyingBirdTests" */ = {
			isa = XCConfigurationList;
			buildConfigurations = (
				848150AF1B6C7B1C00657F4F /* Debug */,
				848150B01B6C7B1C00657F4F /* Release */,
			);
			defaultConfigurationIsVisible = 0;
		};
/* End XCConfigurationList section */
	};
	rootObject = 848150801B6C7B1C00657F4F /* Project object */;
}
